
Microsoft Visual Studio Solution File, Format Version 12.00
# Visual Studio Version 17
VisualStudioVersion = 17.14.36301.6 d17.14
MinimumVisualStudioVersion = 10.0.40219.1
Project("{FAE04EC0-301F-11D3-BF4B-00C04F79EFBC}") = "Parasoft_errors_list_loader", "Parasoft_errors_list_loader.csproj", "{AF401749-8BE7-BE79-6A50-D130E8DB912D}"
EndProject
Global
	GlobalSection(SolutionConfigurationPlatforms) = preSolution
		Debug|Any CPU = Debug|Any CPU
		Release|Any CPU = Release|Any CPU
	EndGlobalSection
	GlobalSection(ProjectConfigurationPlatforms) = postSolution
		{AF401749-8BE7-BE79-6A50-D130E8DB912D}.Debug|Any CPU.ActiveCfg = Debug|Any CPU
		{AF401749-8BE7-BE79-6A50-D130E8DB912D}.Debug|Any CPU.Build.0 = Debug|Any CPU
		{AF401749-8BE7-BE79-6A50-D130E8DB912D}.Release|Any CPU.ActiveCfg = Release|Any CPU
		{AF401749-8BE7-BE79-6A50-D130E8DB912D}.Release|Any CPU.Build.0 = Release|Any CPU
	EndGlobalSection
	GlobalSection(SolutionProperties) = preSolution
		HideSolutionNode = FALSE
	EndGlobalSection
	GlobalSection(ExtensibilityGlobals) = postSolution
		SolutionGuid = {163451B5-C568-493F-BCBF-23B4CB78CF04}
	EndGlobalSection
EndGlobal
